
Microsoft Visual Studio Solution File, Format Version 12.00
# Visual Studio Version 16
VisualStudioVersion = 16.0.29806.167
MinimumVisualStudioVersion = 10.0.40219.1
Project("{9A19103F-16F7-4668-BE54-9A1E7A4F7556}") = "Egreeting.Web", "Egreeting.Web\Egreeting.Web.csproj", "{58C8DD21-7076-40C8-ABF4-E8A88D0F31D7}"
	ProjectSection(ProjectDependencies) = postProject
		{68C1A2B2-5144-45B8-A01A-4873AD2BA7EE} = {68C1A2B2-5144-45B8-A01A-4873AD2BA7EE}
	EndProjectSection
EndProject
Project("{FAE04EC0-301F-11D3-BF4B-00C04F79EFBC}") = "Egreeting.Models", "Egreeting.Models\Egreeting.Models.csproj", "{68C1A2B2-5144-45B8-A01A-4873AD2BA7EE}"
EndProject
Project("{FAE04EC0-301F-11D3-BF4B-00C04F79EFBC}") = "Egreeting.Domain", "Egreeting.Domain\Egreeting.Domain.csproj", "{8221B57F-3366-4E21-A1B6-D31475452BA8}"
EndProject
Project("{FAE04EC0-301F-11D3-BF4B-00C04F79EFBC}") = "Egreeting.Utils", "Egreeting.Utils\Egreeting.Utils.csproj", "{EEB72FC6-7867-4CEC-9BA4-AF67720D8216}"
EndProject
Global
	GlobalSection(SolutionConfigurationPlatforms) = preSolution
		Debug|Any CPU = Debug|Any CPU
		Release|Any CPU = Release|Any CPU
	EndGlobalSection
	GlobalSection(ProjectConfigurationPlatforms) = postSolution
		{58C8DD21-7076-40C8-ABF4-E8A88D0F31D7}.Debug|Any CPU.ActiveCfg = Debug|Any CPU
		{58C8DD21-7076-40C8-ABF4-E8A88D0F31D7}.Debug|Any CPU.Build.0 = Debug|Any CPU
		{58C8DD21-7076-40C8-ABF4-E8A88D0F31D7}.Release|Any CPU.ActiveCfg = Release|Any CPU
		{58C8DD21-7076-40C8-ABF4-E8A88D0F31D7}.Release|Any CPU.Build.0 = Release|Any CPU
		{68C1A2B2-5144-45B8-A01A-4873AD2BA7EE}.Debug|Any CPU.ActiveCfg = Debug|Any CPU
		{68C1A2B2-5144-45B8-A01A-4873AD2BA7EE}.Debug|Any CPU.Build.0 = Debug|Any CPU
		{68C1A2B2-5144-45B8-A01A-4873AD2BA7EE}.Release|Any CPU.ActiveCfg = Release|Any CPU
		{68C1A2B2-5144-45B8-A01A-4873AD2BA7EE}.Release|Any CPU.Build.0 = Release|Any CPU
		{8221B57F-3366-4E21-A1B6-D31475452BA8}.Debug|Any CPU.ActiveCfg = Debug|Any CPU
		{8221B57F-3366-4E21-A1B6-D31475452BA8}.Debug|Any CPU.Build.0 = Debug|Any CPU
		{8221B57F-3366-4E21-A1B6-D31475452BA8}.Release|Any CPU.ActiveCfg = Release|Any CPU
		{8221B57F-3366-4E21-A1B6-D31475452BA8}.Release|Any CPU.Build.0 = Release|Any CPU
		{EEB72FC6-7867-4CEC-9BA4-AF67720D8216}.Debug|Any CPU.ActiveCfg = Debug|Any CPU
		{EEB72FC6-7867-4CEC-9BA4-AF67720D8216}.Debug|Any CPU.Build.0 = Debug|Any CPU
		{EEB72FC6-7867-4CEC-9BA4-AF67720D8216}.Release|Any CPU.ActiveCfg = Release|Any CPU
		{EEB72FC6-7867-4CEC-9BA4-AF67720D8216}.Release|Any CPU.Build.0 = Release|Any CPU
	EndGlobalSection
	GlobalSection(SolutionProperties) = preSolution
		HideSolutionNode = FALSE
	EndGlobalSection
	GlobalSection(ExtensibilityGlobals) = postSolution
		SolutionGuid = {FDD1325D-9E17-40CB-9F60-6AC9037B168E}
	EndGlobalSection
EndGlobal
